<?xml version="1.0" encoding="utf-8"?>
<Project ToolsVersion="4.0" xmlns="http://schemas.microsoft.com/developer/msbuild/2003">
  <ItemGroup>
    <ClCompile Include="Source\Core\FileManager.cpp" />
    <ClCompile Include="Source\Core\InputSystem.cpp" />
    <ClCompile Include="Source\Core\Logger.cpp" />
    <ClCompile Include="Source\Core\Profiler.cpp" />
    <ClCompile Include="Source\Core\StackAllocator.cpp" />
    <ClCompile Include="Source\Engine.cpp" />
    <ClCompile Include="Source\Graphics\DX11Renderer.cpp" />
    <ClCompile Include="Source\Graphics\Shader.cpp" />
    <ClCompile Include="Source\Graphics\SimpleWindow.cpp" />
    <ClCompile Include="Source\Graphics\Texture.cpp" />
    <ClCompile Include="Source\main.cpp" />
    <ClCompile Include="Source\Physics\SpatialHashGrid.cpp" />
    <ClCompile Include="Source\Threading\JobSystem.cpp" />
    <ClCompile Include="Source\Threading\ThreadPool.cpp" />
    <ClCompile Include="Source\Scene\SceneManager.cpp" />
    <ClCompile Include="Source\Game\BoidDemoScene.cpp" />
    <ClCompile Include="Source\Resource\ResourceManager.cpp" />
    <ClCompile Include="Source\Resource\TextureLoader.cpp" />
    <ClCompile Include="Source\Core\Json\JsonArena.cpp">
      <Filter>Json</Filter>
    </ClCompile>
    <ClCompile Include="Source\Core\Json\JsonDocument.cpp">
      <Filter>Json</Filter>
    </ClCompile>
    <ClCompile Include="Source\Core\Json\JsonFileIO.cpp">
      <Filter>Json</Filter>
    </ClCompile>
    <ClCompile Include="Source\Core\Json\JsonReader.cpp">
      <Filter>Json</Filter>
    </ClCompile>
    <ClCompile Include="Source\Core\Json\JsonValue.cpp">
      <Filter>Json</Filter>
    </ClCompile>
    <ClCompile Include="Source\Core\Json\JsonWriter.cpp">
      <Filter>Json</Filter>
    </ClCompile>
  </ItemGroup>
  <ItemGroup>
    <ClInclude Include="Source\Core\DoubleStackAllocator.h" />
    <ClInclude Include="Source\Core\DynamicArray.h" />
    <ClInclude Include="Source\Core\FileManager.h" />
    <ClInclude Include="Source\Core\GameConfig.h" />
    <ClInclude Include="Source\Core\GameConfigLoad.h" />
    <ClInclude Include="Source\Core\GameConfigLog.h" />
    <ClInclude Include="Source\Core\GameContext.h" />
    <ClInclude Include="Source\Core\HashMap.h" />
    <ClInclude Include="Source\Core\InputSystem.h" />
    <ClInclude Include="Source\Core\Logger.h" />
    <ClInclude Include="Source\Core\MemoryResource.h" />
    <ClInclude Include="Source\Core\MemoryUtils.h" />
    <ClInclude Include="Source\Core\ObjectPool.h" />
    <ClInclude Include="Source\Core\Profiler.h" />
    <ClInclude Include="Source\Core\StackAllocator.h" />
    <ClInclude Include="Source\Core\StackResource.h" />
    <ClInclude Include="Source\Core\StringView.h" />
    <ClInclude Include="Source\Core\TypeInfo.h" />
    <ClInclude Include="Source\ECS\Components.h" />
    <ClInclude Include="Source\ECS\Entity.h" />
    <ClInclude Include="Source\ECS\Registry.h" />
    <ClInclude Include="Source\ECS\SparseSet.h" />
    <ClInclude Include="Source\ECS\View.h" />
    <ClInclude Include="Source\Engine.h" />
    <ClInclude Include="Source\Events\EventBus.h" />
    <ClInclude Include="Source\Events\EventChannel.h" />
    <ClInclude Include="Source\Events\Events.h" />
    <ClInclude Include="Source\Game\BoidAgent.h" />
    <ClInclude Include="Source\Game\BoidSystems.h" />
    <ClInclude Include="Source\Game\GridBulidSystem.h" />
    <ClInclude Include="Source\Game\InteractionSystem.h" />
    <ClInclude Include="Source\Game\SimdSystem.h" />
    <ClInclude Include="Source\Graphics\ConstantBuffer.h" />
    <ClInclude Include="Source\Graphics\DX11Renderer.h" />
    <ClInclude Include="Source\Graphics\GraphicsType.h" />
    <ClInclude Include="Source\Graphics\RenderSystem.h" />
    <ClInclude Include="Source\Graphics\Shader.h" />
    <ClInclude Include="Source\Graphics\ShaderManager.h" />
    <ClInclude Include="Source\Graphics\SimpleWindow.h" />
    <ClInclude Include="Source\Graphics\Texture.h" />
    <ClInclude Include="Source\Physics\CollisionComponents.h" />
    <ClInclude Include="Source\Physics\CollisionSystem.h" />
    <ClInclude Include="Source\Physics\SpatialHashGrid.h" />
    <ClInclude Include="Source\Threading\JobSystem.h" />
    <ClInclude Include="Source\Threading\LockFreeQueue.h" />
    <ClInclude Include="Source\Threading\ThreadPool.h" />
    <ClInclude Include="Source\Scene\IScene.h" />
    <ClInclude Include="Source\Scene\SceneManager.h" />
    <ClInclude Include="Source\Game\BoidDemoScene.h" />
    <ClInclude Include="Source\Resource\ResourceHandle.h" />
    <ClInclude Include="Source\Resource\IResourceLoader.h" />
    <ClInclude Include="Source\Resource\ResourceManager.h" />
    <ClInclude Include="Source\Resource\TextureLoader.h" />
    <ClInclude Include="Source\Core\Json\Json.h">
      <Filter>Json</Filter>
    </ClInclude>
    <ClInclude Include="Source\Core\Json\JsonArchive.h">
      <Filter>Json</Filter>
    </ClInclude>
    <ClInclude Include="Source\Core\Json\JsonArchiveTypes.h">
      <Filter>Json</Filter>
    </ClInclude>
    <ClInclude Include="Source\Core\Json\JsonArchiveContainers.h">
      <Filter>Json</Filter>
    </ClInclude>
    <ClInclude Include="Source\Core\Json\JsonArena.h">
      <Filter>Json</Filter>
    </ClInclude>
    <ClInclude Include="Source\Core\Json\JsonDiagnostics.h">
      <Filter>Json</Filter>
    </ClInclude>
    <ClInclude Include="Source\Core\Json\JsonDocument.h">
      <Filter>Json</Filter>
    </ClInclude>
    <ClInclude Include="Source\Core\Json\JsonFileIO.h">
      <Filter>Json</Filter>
    </ClInclude>
    <ClInclude Include="Source\Core\Json\JsonQuery.h">
      <Filter>Json</Filter>
    </ClInclude>
    <ClInclude Include="Source\Core\Json\JsonReadArchive.h">
      <Filter>Json</Filter>
    </ClInclude>
    <ClInclude Include="Source\Core\Json\JsonReader.h">
      <Filter>Json</Filter>
    </ClInclude>
    <ClInclude Include="Source\Core\Json\JsonTypes.h">
      <Filter>Json</Filter>
    </ClInclude>
    <ClInclude Include="Source\Core\Json\JsonValue.h">
      <Filter>Json</Filter>
    </ClInclude>
    <ClInclude Include="Source\Core\Json\JsonWriteArchive.h">
      <Filter>Json</Filter>
    </ClInclude>
    <ClInclude Include="Source\Core\Json\JsonWriter.h">
      <Filter>Json</Filter>
    </ClInclude>
  </ItemGroup>
  <ItemGroup>
    <Text Include="Source\Shaders\Particle.hlsl" />
  </ItemGroup>
  <ItemGroup>
    <Filter Include="Json">
      <UniqueIdentifier>{1e408f19-504c-4a07-b9aa-f69decb17172}</UniqueIdentifier>
    </Filter>
  </ItemGroup>
</Project>